// !$*UTF8*$!
{
	archiveVersion = 1;
	classes = {
	};
	objectVersion = 48;
	objects = {

/* Begin PBXBuildFile section */
		162D8E3D200609CC0031543C /* UIView+Utility.m in Sources */ = {isa = PBXBuildFile; fileRef = 162D8E3C200609CC0031543C /* UIView+Utility.m */; };
		162D8E4020060A570031543C /* UIView+Layer.m in Sources */ = {isa = PBXBuildFile; fileRef = 162D8E3F20060A570031543C /* UIView+Layer.m */; };
		16F3D0C42005BB0300FB20EF /* AppDelegate.m in Sources */ = {isa = PBXBuildFile; fileRef = 16F3D0C32005BB0300FB20EF /* AppDelegate.m */; };
		16F3D0C72005BB0300FB20EF /* ViewController.m in Sources */ = {isa = PBXBuildFile; fileRef = 16F3D0C62005BB0300FB20EF /* ViewController.m */; };
		16F3D0CA2005BB0300FB20EF /* Main.storyboard in Resources */ = {isa = PBXBuildFile; fileRef = 16F3D0C82005BB0300FB20EF /* Main.storyboard */; };
		16F3D0CC2005BB0300FB20EF /* Assets.xcassets in Resources */ = {isa = PBXBuildFile; fileRef = 16F3D0CB2005BB0300FB20EF /* Assets.xcassets */; };
		16F3D0CF2005BB0300FB20EF /* LaunchScreen.storyboard in Resources */ = {isa = PBXBuildFile; fileRef = 16F3D0CD2005BB0300FB20EF /* LaunchScreen.storyboard */; };
		16F3D0D22005BB0300FB20EF /* main.m in Sources */ = {isa = PBXBuildFile; fileRef = 16F3D0D12005BB0300FB20EF /* main.m */; };
		16F3D0DB2005BE5F00FB20EF /* UIButton+Utility.m in Sources */ = {isa = PBXBuildFile; fileRef = 16F3D0DA2005BE5F00FB20EF /* UIButton+Utility.m */; };
		16F3D0DE2005BF5100FB20EF /* UILabel+Utility.m in Sources */ = {isa = PBXBuildFile; fileRef = 16F3D0DD2005BF5100FB20EF /* UILabel+Utility.m */; };
		16F3D0E12005C01200FB20EF /* UIColor+Utility.m in Sources */ = {isa = PBXBuildFile; fileRef = 16F3D0E02005C01200FB20EF /* UIColor+Utility.m */; };
		16F3D0E42005E65000FB20EF /* UIFont+Utility.m in Sources */ = {isa = PBXBuildFile; fileRef = 16F3D0E32005E65000FB20EF /* UIFont+Utility.m */; };
		16F3D0E72005E6FF00FB20EF /* UIImage+Utility.m in Sources */ = {isa = PBXBuildFile; fileRef = 16F3D0E62005E6FF00FB20EF /* UIImage+Utility.m */; };
/* End PBXBuildFile section */

/* Begin PBXFileReference section */
		162D8E3B200609CC0031543C /* UIView+Utility.h */ = {isa = PBXFileReference; lastKnownFileType = sourcecode.c.h; path = "UIView+Utility.h"; sourceTree = "<group>"; };
		162D8E3C200609CC0031543C /* UIView+Utility.m */ = {isa = PBXFileReference; lastKnownFileType = sourcecode.c.objc; path = "UIView+Utility.m"; sourceTree = "<group>"; };
		162D8E3E20060A570031543C /* UIView+Layer.h */ = {isa = PBXFileReference; lastKnownFileType = sourcecode.c.h; path = "UIView+Layer.h"; sourceTree = "<group>"; };
		162D8E3F20060A570031543C /* UIView+Layer.m */ = {isa = PBXFileReference; lastKnownFileType = sourcecode.c.objc; path = "UIView+Layer.m"; sourceTree = "<group>"; };
		162D8E4120060AB50031543C /* UIUtility.h */ = {isa = PBXFileReference; lastKnownFileType = sourcecode.c.h; path = UIUtility.h; sourceTree = "<group>"; };
		16F3D0BF2005BB0300FB20EF /* CommonlyUtilityDemo.app */ = {isa = PBXFileReference; explicitFileType = wrapper.application; includeInIndex = 0; path = CommonlyUtilityDemo.app; sourceTree = BUILT_PRODUCTS_DIR; };
		16F3D0C22005BB0300FB20EF /* AppDelegate.h */ = {isa = PBXFileReference; lastKnownFileType = sourcecode.c.h; path = AppDelegate.h; sourceTree = "<group>"; };
		16F3D0C32005BB0300FB20EF /* AppDelegate.m */ = {isa = PBXFileReference; lastKnownFileType = sourcecode.c.objc; path = AppDelegate.m; sourceTree = "<group>"; };
		16F3D0C52005BB0300FB20EF /* ViewController.h */ = {isa = PBXFileReference; lastKnownFileType = sourcecode.c.h; path = ViewController.h; sourceTree = "<group>"; };
		16F3D0C62005BB0300FB20EF /* ViewController.m */ = {isa = PBXFileReference; lastKnownFileType = sourcecode.c.objc; path = ViewController.m; sourceTree = "<group>"; };
		16F3D0C92005BB0300FB20EF /* Base */ = {isa = PBXFileReference; lastKnownFileType = file.storyboard; name = Base; path = Base.lproj/Main.storyboard; sourceTree = "<group>"; };
		16F3D0CB2005BB0300FB20EF /* Assets.xcassets */ = {isa = PBXFileReference; lastKnownFileType = folder.assetcatalog; path = Assets.xcassets; sourceTree = "<group>"; };
		16F3D0CE2005BB0300FB20EF /* Base */ = {isa = PBXFileReference; lastKnownFileType = file.storyboard; name = Base; path = Base.lproj/LaunchScreen.storyboard; sourceTree = "<group>"; };
		16F3D0D02005BB0300FB20EF /* Info.plist */ = {isa = PBXFileReference; lastKnownFileType = text.plist.xml; path = Info.plist; sourceTree = "<group>"; };
		16F3D0D12005BB0300FB20EF /* main.m */ = {isa = PBXFileReference; lastKnownFileType = sourcecode.c.objc; path = main.m; sourceTree = "<group>"; };
		16F3D0D92005BE5E00FB20EF /* UIButton+Utility.h */ = {isa = PBXFileReference; lastKnownFileType = sourcecode.c.h; path = "UIButton+Utility.h"; sourceTree = "<group>"; };
		16F3D0DA2005BE5F00FB20EF /* UIButton+Utility.m */ = {isa = PBXFileReference; lastKnownFileType = sourcecode.c.objc; path = "UIButton+Utility.m"; sourceTree = "<group>"; };
		16F3D0DC2005BF5100FB20EF /* UILabel+Utility.h */ = {isa = PBXFileReference; lastKnownFileType = sourcecode.c.h; path = "UILabel+Utility.h"; sourceTree = "<group>"; };
		16F3D0DD2005BF5100FB20EF /* UILabel+Utility.m */ = {isa = PBXFileReference; lastKnownFileType = sourcecode.c.objc; path = "UILabel+Utility.m"; sourceTree = "<group>"; };
		16F3D0DF2005C01200FB20EF /* UIColor+Utility.h */ = {isa = PBXFileReference; lastKnownFileType = sourcecode.c.h; path = "UIColor+Utility.h"; sourceTree = "<group>"; };
		16F3D0E02005C01200FB20EF /* UIColor+Utility.m */ = {isa = PBXFileReference; lastKnownFileType = sourcecode.c.objc; path = "UIColor+Utility.m"; sourceTree = "<group>"; };
		16F3D0E22005E65000FB20EF /* UIFont+Utility.h */ = {isa = PBXFileReference; lastKnownFileType = sourcecode.c.h; path = "UIFont+Utility.h"; sourceTree = "<group>"; };
		16F3D0E32005E65000FB20EF /* UIFont+Utility.m */ = {isa = PBXFileReference; lastKnownFileType = sourcecode.c.objc; path = "UIFont+Utility.m"; sourceTree = "<group>"; };
		16F3D0E52005E6FF00FB20EF /* UIImage+Utility.h */ = {isa = PBXFileReference; lastKnownFileType = sourcecode.c.h; path = "UIImage+Utility.h"; sourceTree = "<group>"; };
		16F3D0E62005E6FF00FB20EF /* UIImage+Utility.m */ = {isa = PBXFileReference; lastKnownFileType = sourcecode.c.objc; path = "UIImage+Utility.m"; sourceTree = "<group>"; };
/* End PBXFileReference section */

/* Begin PBXFrameworksBuildPhase section */
		16F3D0BC2005BB0300FB20EF /* Frameworks */ = {
			isa = PBXFrameworksBuildPhase;
			buildActionMask = 2147483647;
			files = (
			);
			runOnlyForDeploymentPostprocessing = 0;
		};
/* End PBXFrameworksBuildPhase section */

/* Begin PBXGroup section */
		16F3D0B62005BB0300FB20EF = {
			isa = PBXGroup;
			children = (
				16F3D0C12005BB0300FB20EF /* CommonlyUtilityDemo */,
				16F3D0C02005BB0300FB20EF /* Products */,
			);
			sourceTree = "<group>";
		};
		16F3D0C02005BB0300FB20EF /* Products */ = {
			isa = PBXGroup;
			children = (
				16F3D0BF2005BB0300FB20EF /* CommonlyUtilityDemo.app */,
			);
			name = Products;
			sourceTree = "<group>";
		};
		16F3D0C12005BB0300FB20EF /* CommonlyUtilityDemo */ = {
			isa = PBXGroup;
			children = (
				16F3D0D82005BC5C00FB20EF /* Categories */,
				16F3D0C22005BB0300FB20EF /* AppDelegate.h */,
				16F3D0C32005BB0300FB20EF /* AppDelegate.m */,
				16F3D0C52005BB0300FB20EF /* ViewController.h */,
				16F3D0C62005BB0300FB20EF /* ViewController.m */,
				16F3D0C82005BB0300FB20EF /* Main.storyboard */,
				16F3D0CB2005BB0300FB20EF /* Assets.xcassets */,
				16F3D0CD2005BB0300FB20EF /* LaunchScreen.storyboard */,
				16F3D0D02005BB0300FB20EF /* Info.plist */,
				16F3D0D12005BB0300FB20EF /* main.m */,
			);
			path = CommonlyUtilityDemo;
			sourceTree = "<group>";
		};
		16F3D0D82005BC5C00FB20EF /* Categories */ = {
			isa = PBXGroup;
			children = (
				162D8E4120060AB50031543C /* UIUtility.h */,
				16F3D0D92005BE5E00FB20EF /* UIButton+Utility.h */,
				16F3D0DA2005BE5F00FB20EF /* UIButton+Utility.m */,
				16F3D0DC2005BF5100FB20EF /* UILabel+Utility.h */,
				16F3D0DD2005BF5100FB20EF /* UILabel+Utility.m */,
				16F3D0DF2005C01200FB20EF /* UIColor+Utility.h */,
				16F3D0E02005C01200FB20EF /* UIColor+Utility.m */,
				16F3D0E22005E65000FB20EF /* UIFont+Utility.h */,
				16F3D0E32005E65000FB20EF /* UIFont+Utility.m */,
				16F3D0E52005E6FF00FB20EF /* UIImage+Utility.h */,
				16F3D0E62005E6FF00FB20EF /* UIImage+Utility.m */,
				162D8E3B200609CC0031543C /* UIView+Utility.h */,
				162D8E3C200609CC0031543C /* UIView+Utility.m */,
				162D8E3E20060A570031543C /* UIView+Layer.h */,
				162D8E3F20060A570031543C /* UIView+Layer.m */,
			);
			path = Categories;
			sourceTree = "<group>";
		};
/* End PBXGroup section */

/* Begin PBXNativeTarget section */
		16F3D0BE2005BB0300FB20EF /* CommonlyUtilityDemo */ = {
			isa = PBXNativeTarget;
			buildConfigurationList = 16F3D0D52005BB0400FB20EF /* Build configuration list for PBXNativeTarget "CommonlyUtilityDemo" */;
			buildPhases = (
				16F3D0BB2005BB0300FB20EF /* Sources */,
				16F3D0BC2005BB0300FB20EF /* Frameworks */,
				16F3D0BD2005BB0300FB20EF /* Resources */,
			);
			buildRules = (
			);
			dependencies = (
			);
			name = CommonlyUtilityDemo;
			productName = CommonlyUtilityDemo;
			productReference = 16F3D0BF2005BB0300FB20EF /* CommonlyUtilityDemo.app */;
			productType = "com.apple.product-type.application";
		};
/* End PBXNativeTarget section */

/* Begin PBXProject section */
		16F3D0B72005BB0300FB20EF /* Project object */ = {
			isa = PBXProject;
			attributes = {
				LastUpgradeCheck = 0920;
				ORGANIZATIONNAME = Stone.Yu;
				TargetAttributes = {
					16F3D0BE2005BB0300FB20EF = {
						CreatedOnToolsVersion = 9.2;
						ProvisioningStyle = Automatic;
					};
				};
			};
			buildConfigurationList = 16F3D0BA2005BB0300FB20EF /* Build configuration list for PBXProject "CommonlyUtilityDemo" */;
			compatibilityVersion = "Xcode 8.0";
			developmentRegion = en;
			hasScannedForEncodings = 0;
			knownRegions = (
				en,
				Base,
			);
			mainGroup = 16F3D0B62005BB0300FB20EF;
			productRefGroup = 16F3D0C02005BB0300FB20EF /* Products */;
			projectDirPath = "";
			projectRoot = "";
			targets = (
				16F3D0BE2005BB0300FB20EF /* CommonlyUtilityDemo */,
			);
		};
/* End PBXProject section */

/* Begin PBXResourcesBuildPhase section */
		16F3D0BD2005BB0300FB20EF /* Resources */ = {
			isa = PBXResourcesBuildPhase;
			buildActionMask = 2147483647;
			files = (
				16F3D0CF2005BB0300FB20EF /* LaunchScreen.storyboard in Resources */,
				16F3D0CC2005BB0300FB20EF /* Assets.xcassets in Resources */,
				16F3D0CA2005BB0300FB20EF /* Main.storyboard in Resources */,
			);
			runOnlyForDeploymentPostprocessing = 0;
		};
/* End PBXResourcesBuildPhase section */

/* Begin PBXSourcesBuildPhase section */
		16F3D0BB2005BB0300FB20EF /* Sources */ = {
			isa = PBXSourcesBuildPhase;
			buildActionMask = 2147483647;
			files = (
				16F3D0C72005BB0300FB20EF /* ViewController.m in Sources */,
				16F3D0DE2005BF5100FB20EF /* UILabel+Utility.m in Sources */,
				16F3D0D22005BB0300FB20EF /* main.m in Sources */,
				16F3D0DB2005BE5F00FB20EF /* UIButton+Utility.m in Sources */,
				162D8E3D200609CC0031543C /* UIView+Utility.m in Sources */,
				16F3D0E72005E6FF00FB20EF /* UIImage+Utility.m in Sources */,
				16F3D0E12005C01200FB20EF /* UIColor+Utility.m in Sources */,
				16F3D0C42005BB0300FB20EF /* AppDelegate.m in Sources */,
				162D8E4020060A570031543C /* UIView+Layer.m in Sources */,
				16F3D0E42005E65000FB20EF /* UIFont+Utility.m in Sources */,
			);
			runOnlyForDeploymentPostprocessing = 0;
		};
/* End PBXSourcesBuildPhase section */

/* Begin PBXVariantGroup section */
		16F3D0C82005BB0300FB20EF /* Main.storyboard */ = {
			isa = PBXVariantGroup;
			children = (
				16F3D0C92005BB0300FB20EF /* Base */,
			);
			name = Main.storyboard;
			sourceTree = "<group>";
		};
		16F3D0CD2005BB0300FB20EF /* LaunchScreen.storyboard */ = {
			isa = PBXVariantGroup;
			children = (
				16F3D0CE2005BB0300FB20EF /* Base */,
			);
			name = LaunchScreen.storyboard;
			sourceTree = "<group>";
		};
/* End PBXVariantGroup section */

/* Begin XCBuildConfiguration section */
		16F3D0D32005BB0300FB20EF /* Debug */ = {
			isa = XCBuildConfiguration;
			buildSettings = {
				ALWAYS_SEARCH_USER_PATHS = NO;
				CLANG_ANALYZER_NONNULL = YES;
				CLANG_ANALYZER_NUMBER_OBJECT_CONVERSION = YES_AGGRESSIVE;
				CLANG_CXX_LANGUAGE_STANDARD = "gnu++14";
				CLANG_CXX_LIBRARY = "libc++";
				CLANG_ENABLE_MODULES = YES;
				CLANG_ENABLE_OBJC_ARC = YES;
				CLANG_WARN_BLOCK_CAPTURE_AUTORELEASING = YES;
				CLANG_WARN_BOOL_CONVERSION = YES;
				CLANG_WARN_COMMA = YES;
				CLANG_WARN_CONSTANT_CONVERSION = YES;
				CLANG_WARN_DIRECT_OBJC_ISA_USAGE = YES_ERROR;
				CLANG_WARN_DOCUMENTATION_COMMENTS = YES;
				CLANG_WARN_EMPTY_BODY = YES;
				CLANG_WARN_ENUM_CONVERSION = YES;
				CLANG_WARN_INFINITE_RECURSION = YES;
				CLANG_WARN_INT_CONVERSION = YES;
				CLANG_WARN_NON_LITERAL_NULL_CONVERSION = YES;
				CLANG_WARN_OBJC_LITERAL_CONVERSION = YES;
				CLANG_WARN_OBJC_ROOT_CLASS = YES_ERROR;
				CLANG_WARN_RANGE_LOOP_ANALYSIS = YES;
				CLANG_WARN_STRICT_PROTOTYPES = YES;
				CLANG_WARN_SUSPICIOUS_MOVE = YES;
				CLANG_WARN_UNGUARDED_AVAILABILITY = YES_AGGRESSIVE;
				CLANG_WARN_UNREACHABLE_CODE = YES;
				CLANG_WARN__DUPLICATE_METHOD_MATCH = YES;
				CODE_SIGN_IDENTITY = "iPhone Developer";
				COPY_PHASE_STRIP = NO;
				DEBUG_INFORMATION_FORMAT = dwarf;
				ENABLE_STRICT_OBJC_MSGSEND = YES;
				ENABLE_TESTABILITY = YES;
				GCC_C_LANGUAGE_STANDARD = gnu11;
				GCC_DYNAMIC_NO_PIC = NO;
				GCC_NO_COMMON_BLOCKS = YES;
				GCC_OPTIMIZATION_LEVEL = 0;
				GCC_PREPROCESSOR_DEFINITIONS = (
					"DEBUG=1",
					"$(inherited)",
				);
				GCC_WARN_64_TO_32_BIT_CONVERSION = YES;
				GCC_WARN_ABOUT_RETURN_TYPE = YES_ERROR;
				GCC_WARN_UNDECLARED_SELECTOR = YES;
				GCC_WARN_UNINITIALIZED_AUTOS = YES_AGGRESSIVE;
				GCC_WARN_UNUSED_FUNCTION = YES;
				GCC_WARN_UNUSED_VARIABLE = YES;
				IPHONEOS_DEPLOYMENT_TARGET = 11.2;
				MTL_ENABLE_DEBUG_INFO = YES;
				ONLY_ACTIVE_ARCH = YES;
				SDKROOT = iphoneos;
			};
			name = Debug;
		};
		16F3D0D42005BB0300FB20EF /* Release */ = {
			isa = XCBuildConfiguration;
			buildSettings = {
				ALWAYS_SEARCH_USER_PATHS = NO;
				CLANG_ANALYZER_NONNULL = YES;
				CLANG_ANALYZER_NUMBER_OBJECT_CONVERSION = YES_AGGRESSIVE;
				CLANG_CXX_LANGUAGE_STANDARD = "gnu++14";
				CLANG_CXX_LIBRARY = "libc++";
				CLANG_ENABLE_MODULES = YES;
				CLANG_ENABLE_OBJC_ARC = YES;
				CLANG_WARN_BLOCK_CAPTURE_AUTORELEASING = YES;
				CLANG_WARN_BOOL_CONVERSION = YES;
				CLANG_WARN_COMMA = YES;
				CLANG_WARN_CONSTANT_CONVERSION = YES;
				CLANG_WARN_DIRECT_OBJC_ISA_USAGE = YES_ERROR;
				CLANG_WARN_DOCUMENTATION_COMMENTS = YES;
				CLANG_WARN_EMPTY_BODY = YES;
				CLANG_WARN_ENUM_CONVERSION = YES;
				CLANG_WARN_INFINITE_RECURSION = YES;
				CLANG_WARN_INT_CONVERSION = YES;
				CLANG_WARN_NON_LITERAL_NULL_CONVERSION = YES;
				CLANG_WARN_OBJC_LITERAL_CONVERSION = YES;
				CLANG_WARN_OBJC_ROOT_CLASS = YES_ERROR;
				CLANG_WARN_RANGE_LOOP_ANALYSIS = YES;
				CLANG_WARN_STRICT_PROTOTYPES = YES;
				CLANG_WARN_SUSPICIOUS_MOVE = YES;
				CLANG_WARN_UNGUARDED_AVAILABILITY = YES_AGGRESSIVE;
				CLANG_WARN_UNREACHABLE_CODE = YES;
				CLANG_WARN__DUPLICATE_METHOD_MATCH = YES;
				CODE_SIGN_IDENTITY = "iPhone Developer";
				COPY_PHASE_STRIP = NO;
				DEBUG_INFORMATION_FORMAT = "dwarf-with-dsym";
				ENABLE_NS_ASSERTIONS = NO;
				ENABLE_STRICT_OBJC_MSGSEND = YES;
				GCC_C_LANGUAGE_STANDARD = gnu11;
				GCC_NO_COMMON_BLOCKS = YES;
				GCC_WARN_64_TO_32_BIT_CONVERSION = YES;
				GCC_WARN_ABOUT_RETURN_TYPE = YES_ERROR;
				GCC_WARN_UNDECLARED_SELECTOR = YES;
				GCC_WARN_UNINITIALIZED_AUTOS = YES_AGGRESSIVE;
				GCC_WARN_UNUSED_FUNCTION = YES;
				GCC_WARN_UNUSED_VARIABLE = YES;
				IPHONEOS_DEPLOYMENT_TARGET = 11.2;
				MTL_ENABLE_DEBUG_INFO = NO;
				SDKROOT = iphoneos;
				VALIDATE_PRODUCT = YES;
			};
			name = Release;
		};
		16F3D0D62005BB0400FB20EF /* Debug */ = {
			isa = XCBuildConfiguration;
			buildSettings = {
				ASSETCATALOG_COMPILER_APPICON_NAME = AppIcon;
				CODE_SIGN_STYLE = Automatic;
				DEVELOPMENT_TEAM = 4T99T39TS8;
				INFOPLIST_FILE = CommonlyUtilityDemo/Info.plist;
				IPHONEOS_DEPLOYMENT_TARGET = 9.0;
				LD_RUNPATH_SEARCH_PATHS = "$(inherited) @executable_path/Frameworks";
				PRODUCT_BUNDLE_IDENTIFIER = com.stone.CommonlyUtilityDemo;
				PRODUCT_NAME = "$(TARGET_NAME)";
				TARGETED_DEVICE_FAMILY = "1,2";
			};
			name = Debug;
		};
		16F3D0D72005BB0400FB20EF /* Release */ = {
			isa = XCBuildConfiguration;
			buildSettings = {
				ASSETCATALOG_COMPILER_APPICON_NAME = AppIcon;
				CODE_SIGN_STYLE = Automatic;
				DEVELOPMENT_TEAM = 4T99T39TS8;
				INFOPLIST_FILE = CommonlyUtilityDemo/Info.plist;
				IPHONEOS_DEPLOYMENT_TARGET = 9.0;
				LD_RUNPATH_SEARCH_PATHS = "$(inherited) @executable_path/Frameworks";
				PRODUCT_BUNDLE_IDENTIFIER = com.stone.CommonlyUtilityDemo;
				PRODUCT_NAME = "$(TARGET_NAME)";
				TARGETED_DEVICE_FAMILY = "1,2";
			};
			name = Release;
		};
/* End XCBuildConfiguration section */

/* Begin XCConfigurationList section */
		16F3D0BA2005BB0300FB20EF /* Build configuration list for PBXProject "CommonlyUtilityDemo" */ = {
			isa = XCConfigurationList;
			buildConfigurations = (
				16F3D0D32005BB0300FB20EF /* Debug */,
				16F3D0D42005BB0300FB20EF /* Release */,
			);
			defaultConfigurationIsVisible = 0;
			defaultConfigurationName = Release;
		};
		16F3D0D52005BB0400FB20EF /* Build configuration list for PBXNativeTarget "CommonlyUtilityDemo" */ = {
			isa = XCConfigurationList;
			buildConfigurations = (
				16F3D0D62005BB0400FB20EF /* Debug */,
				16F3D0D72005BB0400FB20EF /* Release */,
			);
			defaultConfigurationIsVisible = 0;
			defaultConfigurationName = Release;
		};
/* End XCConfigurationList section */
	};
	rootObject = 16F3D0B72005BB0300FB20EF /* Project object */;
}
